
Microsoft Visual Studio Solution File, Format Version 12.00
# Visual Studio Version 17
VisualStudioVersion = 17.4.33122.133
MinimumVisualStudioVersion = 10.0.40219.1
Project("{FAE04EC0-301F-11D3-BF4B-00C04F79EFBC}") = "EBookCrawler", "EBookCrawler\EBookCrawler.csproj", "{83C200F1-28CC-4B31-BC1F-03C2A11DF8BA}"
EndProject
Global
	GlobalSection(SolutionConfigurationPlatforms) = preSolution
		Debug|Any CPU = Debug|Any CPU
		Debug|x64 = Debug|x64
		Debug|x86 = Debug|x86
		Release|Any CPU = Release|Any CPU
		Release|x64 = Release|x64
		Release|x86 = Release|x86
	EndGlobalSection
	GlobalSection(ProjectConfigurationPlatforms) = postSolution
		{83C200F1-28CC-4B31-BC1F-03C2A11DF8BA}.Debug|Any CPU.ActiveCfg = Debug|Any CPU
		{83C200F1-28CC-4B31-BC1F-03C2A11DF8BA}.Debug|Any CPU.Build.0 = Debug|Any CPU
		{83C200F1-28CC-4B31-BC1F-03C2A11DF8BA}.Debug|x64.ActiveCfg = Debug|Any CPU
		{83C200F1-28CC-4B31-BC1F-03C2A11DF8BA}.Debug|x64.Build.0 = Debug|Any CPU
		{83C200F1-28CC-4B31-BC1F-03C2A11DF8BA}.Debug|x86.ActiveCfg = Debug|Any CPU
		{83C200F1-28CC-4B31-BC1F-03C2A11DF8BA}.Debug|x86.Build.0 = Debug|Any CPU
		{83C200F1-28CC-4B31-BC1F-03C2A11DF8BA}.Release|Any CPU.ActiveCfg = Release|Any CPU
		{83C200F1-28CC-4B31-BC1F-03C2A11DF8BA}.Release|Any CPU.Build.0 = Release|Any CPU
		{83C200F1-28CC-4B31-BC1F-03C2A11DF8BA}.Release|x64.ActiveCfg = Release|x64
		{83C200F1-28CC-4B31-BC1F-03C2A11DF8BA}.Release|x64.Build.0 = Release|x64
		{83C200F1-28CC-4B31-BC1F-03C2A11DF8BA}.Release|x86.ActiveCfg = Release|Any CPU
		{83C200F1-28CC-4B31-BC1F-03C2A11DF8BA}.Release|x86.Build.0 = Release|Any CPU
	EndGlobalSection
	GlobalSection(SolutionProperties) = preSolution
		HideSolutionNode = FALSE
	EndGlobalSection
	GlobalSection(ExtensibilityGlobals) = postSolution
		SolutionGuid = {390562E8-514A-499C-B775-31623B4C42B0}
	EndGlobalSection
EndGlobal
